<Solution>
  <Folder Name="/Solution Items/">
    <File Path=".gitignore" />
  </Folder>
  <Project Path="ConsoleApp1/ConsoleApp1.csproj" />
  <Project Path="ShowTable/ShowTable.csproj" Id="e38813f2-8bb6-4723-8ac4-36a750587b7f" />
  <Project Path="TaskAge/TaskAge.csproj" Id="043fb7b3-693b-41ca-ab00-18cfae775f20" />
</Solution>
